# This file is automatically @generated by Cargo.
# It is not intended for manual editing.
version = 3

[[package]]
name = "bitfield"
version = "0.15.0"
source = "registry+https://github.com/rust-lang/crates.io-index"
checksum = "c821a6e124197eb56d907ccc2188eab1038fb919c914f47976e64dd8dbc855d1"

[[package]]
name = "embedded-hal"
version = "1.0.0"
source = "registry+https://github.com/rust-lang/crates.io-index"
checksum = "361a90feb7004eca4019fb28352a9465666b24f840f5c3cddf0ff13920590b89"

[[package]]
name = "lsm6dso16is"
version = "0.1.0"
dependencies = [
 "bitfield",
 "embedded-hal",
]
